
Microsoft Visual Studio Solution File, Format Version 12.00
# Visual Studio Version 16
VisualStudioVersion = 16.0.33423.256
MinimumVisualStudioVersion = 10.0.40219.1
Project("{FAE04EC0-301F-11D3-BF4B-00C04F79EFBC}") = "capaUsuario", "capaUsuario\capaUsuario.csproj", "{D7A0CFE0-6756-473F-A319-F01A0B575557}"
EndProject
Project("{FAE04EC0-301F-11D3-BF4B-00C04F79EFBC}") = "capaDato", "capaDatos\capaDato.csproj", "{C0CEB095-05A9-4176-AB77-999300009ADF}"
EndProject
Project("{FAE04EC0-301F-11D3-BF4B-00C04F79EFBC}") = "Excepciones", "Excepciones\Excepciones.csproj", "{4E6C4AB7-2393-4A95-8F5F-A782F8AFD164}"
EndProject
Project("{FAE04EC0-301F-11D3-BF4B-00C04F79EFBC}") = "capaNegocio", "capaNegocios\capaNegocio.csproj", "{037AFEEE-3A81-4409-9BC8-177488265092}"
EndProject
Global
	GlobalSection(SolutionConfigurationPlatforms) = preSolution
		Debug|Any CPU = Debug|Any CPU
		Release|Any CPU = Release|Any CPU
	EndGlobalSection
	GlobalSection(ProjectConfigurationPlatforms) = postSolution
		{D7A0CFE0-6756-473F-A319-F01A0B575557}.Debug|Any CPU.ActiveCfg = Debug|Any CPU
		{D7A0CFE0-6756-473F-A319-F01A0B575557}.Debug|Any CPU.Build.0 = Debug|Any CPU
		{D7A0CFE0-6756-473F-A319-F01A0B575557}.Release|Any CPU.ActiveCfg = Release|Any CPU
		{D7A0CFE0-6756-473F-A319-F01A0B575557}.Release|Any CPU.Build.0 = Release|Any CPU
		{C0CEB095-05A9-4176-AB77-999300009ADF}.Debug|Any CPU.ActiveCfg = Debug|Any CPU
		{C0CEB095-05A9-4176-AB77-999300009ADF}.Debug|Any CPU.Build.0 = Debug|Any CPU
		{C0CEB095-05A9-4176-AB77-999300009ADF}.Release|Any CPU.ActiveCfg = Release|Any CPU
		{C0CEB095-05A9-4176-AB77-999300009ADF}.Release|Any CPU.Build.0 = Release|Any CPU
		{4E6C4AB7-2393-4A95-8F5F-A782F8AFD164}.Debug|Any CPU.ActiveCfg = Debug|Any CPU
		{4E6C4AB7-2393-4A95-8F5F-A782F8AFD164}.Debug|Any CPU.Build.0 = Debug|Any CPU
		{4E6C4AB7-2393-4A95-8F5F-A782F8AFD164}.Release|Any CPU.ActiveCfg = Release|Any CPU
		{4E6C4AB7-2393-4A95-8F5F-A782F8AFD164}.Release|Any CPU.Build.0 = Release|Any CPU
		{037AFEEE-3A81-4409-9BC8-177488265092}.Debug|Any CPU.ActiveCfg = Debug|Any CPU
		{037AFEEE-3A81-4409-9BC8-177488265092}.Debug|Any CPU.Build.0 = Debug|Any CPU
		{037AFEEE-3A81-4409-9BC8-177488265092}.Release|Any CPU.ActiveCfg = Release|Any CPU
		{037AFEEE-3A81-4409-9BC8-177488265092}.Release|Any CPU.Build.0 = Release|Any CPU
	EndGlobalSection
	GlobalSection(SolutionProperties) = preSolution
		HideSolutionNode = FALSE
	EndGlobalSection
	GlobalSection(ExtensibilityGlobals) = postSolution
		SolutionGuid = {40D841F4-C38F-4F98-8F1B-A2B65CC30D8F}
	EndGlobalSection
EndGlobal
